
Microsoft Visual Studio Solution File, Format Version 12.00
# Visual Studio Version 18
VisualStudioVersion = 18.4.11612.150
MinimumVisualStudioVersion = 10.0.40219.1
Project("{FAE04EC0-301F-11D3-BF4B-00C04F79EFBC}") = "Api", "src\Api\Api.csproj", "{C9B169E2-70C1-420B-8EA5-4E8AFAA5CA38}"
EndProject
Project("{FAE04EC0-301F-11D3-BF4B-00C04F79EFBC}") = "Core", "src\Core\Core.csproj", "{48C4FA7E-A726-452E-B00E-F0B162CE55E8}"
EndProject
Project("{FAE04EC0-301F-11D3-BF4B-00C04F79EFBC}") = "Domain", "src\Domain\Domain.csproj", "{EAE4D9A6-80FC-4178-A3B3-7D7ED8B2867B}"
EndProject
Project("{FAE04EC0-301F-11D3-BF4B-00C04F79EFBC}") = "Infrastructure", "src\Infrastructure\Infrastructure.csproj", "{0F7A76B9-030C-4175-9888-A0A012232EDD}"
EndProject
Project("{FAE04EC0-301F-11D3-BF4B-00C04F79EFBC}") = "WebUI.Client", "src\WebUI\WebUI.Client\WebUI.Client.csproj", "{0DA1CA93-E96B-4556-AF20-5E28A42440EC}"
EndProject
Project("{FAE04EC0-301F-11D3-BF4B-00C04F79EFBC}") = "WebUI", "src\WebUI\WebUI\WebUI.csproj", "{147A2C9F-450B-4191-A288-3A391D910D12}"
EndProject
Project("{FAE04EC0-301F-11D3-BF4B-00C04F79EFBC}") = "Core.Tests", "tests\Core.Tests\Core.Tests.csproj", "{614F68A1-2942-4944-BCAA-8846D669D1AD}"
EndProject
Project("{FAE04EC0-301F-11D3-BF4B-00C04F79EFBC}") = "Domain.Tests", "tests\Domain.Tests\Domain.Tests.csproj", "{A54C1D07-06AF-4A82-B9EC-D92DB1C5E467}"
EndProject
Project("{FAE04EC0-301F-11D3-BF4B-00C04F79EFBC}") = "Infrastructure.Tests", "tests\Infrastructure.Tests\Infrastructure.Tests.csproj", "{AF1C3C93-603C-45D7-A101-A125DCA868CD}"
EndProject
Project("{FAE04EC0-301F-11D3-BF4B-00C04F79EFBC}") = "WebApi.Tests", "tests\WebApi.Tests\WebApi.Tests.csproj", "{882F8D58-94A3-4F42-A17E-BF965840D765}"
EndProject
Project("{FAE04EC0-301F-11D3-BF4B-00C04F79EFBC}") = "Infrastructure.Data", "src\Infrastructure.Data\Infrastructure.Data.csproj", "{A4CD3F49-2A1E-0EA5-B758-52F5EBE2CB0F}"
EndProject
Project("{2150E333-8FDC-42A3-9474-1A3956D46DE8}") = "tests", "tests", "{0AB3BF05-4346-4AA6-1389-037BE0695223}"
EndProject
Project("{FAE04EC0-301F-11D3-BF4B-00C04F79EFBC}") = "WebUI.Tests", "tests\WebUI.Tests\WebUI.Tests.csproj", "{C8DF9197-8275-4351-B028-5369B6C53C47}"
EndProject
Global
	GlobalSection(SolutionConfigurationPlatforms) = preSolution
		Debug|Any CPU = Debug|Any CPU
		Debug|x64 = Debug|x64
		Debug|x86 = Debug|x86
		Release|Any CPU = Release|Any CPU
		Release|x64 = Release|x64
		Release|x86 = Release|x86
	EndGlobalSection
	GlobalSection(ProjectConfigurationPlatforms) = postSolution
		{C9B169E2-70C1-420B-8EA5-4E8AFAA5CA38}.Debug|Any CPU.ActiveCfg = Debug|Any CPU
		{C9B169E2-70C1-420B-8EA5-4E8AFAA5CA38}.Debug|Any CPU.Build.0 = Debug|Any CPU
		{C9B169E2-70C1-420B-8EA5-4E8AFAA5CA38}.Debug|x64.ActiveCfg = Debug|Any CPU
		{C9B169E2-70C1-420B-8EA5-4E8AFAA5CA38}.Debug|x64.Build.0 = Debug|Any CPU
		{C9B169E2-70C1-420B-8EA5-4E8AFAA5CA38}.Debug|x86.ActiveCfg = Debug|Any CPU
		{C9B169E2-70C1-420B-8EA5-4E8AFAA5CA38}.Debug|x86.Build.0 = Debug|Any CPU
		{C9B169E2-70C1-420B-8EA5-4E8AFAA5CA38}.Release|Any CPU.ActiveCfg = Release|Any CPU
		{C9B169E2-70C1-420B-8EA5-4E8AFAA5CA38}.Release|Any CPU.Build.0 = Release|Any CPU
		{C9B169E2-70C1-420B-8EA5-4E8AFAA5CA38}.Release|x64.ActiveCfg = Release|Any CPU
		{C9B169E2-70C1-420B-8EA5-4E8AFAA5CA38}.Release|x64.Build.0 = Release|Any CPU
		{C9B169E2-70C1-420B-8EA5-4E8AFAA5CA38}.Release|x86.ActiveCfg = Release|Any CPU
		{C9B169E2-70C1-420B-8EA5-4E8AFAA5CA38}.Release|x86.Build.0 = Release|Any CPU
		{48C4FA7E-A726-452E-B00E-F0B162CE55E8}.Debug|Any CPU.ActiveCfg = Debug|Any CPU
		{48C4FA7E-A726-452E-B00E-F0B162CE55E8}.Debug|Any CPU.Build.0 = Debug|Any CPU
		{48C4FA7E-A726-452E-B00E-F0B162CE55E8}.Debug|x64.ActiveCfg = Debug|Any CPU
		{48C4FA7E-A726-452E-B00E-F0B162CE55E8}.Debug|x64.Build.0 = Debug|Any CPU
		{48C4FA7E-A726-452E-B00E-F0B162CE55E8}.Debug|x86.ActiveCfg = Debug|Any CPU
		{48C4FA7E-A726-452E-B00E-F0B162CE55E8}.Debug|x86.Build.0 = Debug|Any CPU
		{48C4FA7E-A726-452E-B00E-F0B162CE55E8}.Release|Any CPU.ActiveCfg = Release|Any CPU
		{48C4FA7E-A726-452E-B00E-F0B162CE55E8}.Release|Any CPU.Build.0 = Release|Any CPU
		{48C4FA7E-A726-452E-B00E-F0B162CE55E8}.Release|x64.ActiveCfg = Release|Any CPU
		{48C4FA7E-A726-452E-B00E-F0B162CE55E8}.Release|x64.Build.0 = Release|Any CPU
		{48C4FA7E-A726-452E-B00E-F0B162CE55E8}.Release|x86.ActiveCfg = Release|Any CPU
		{48C4FA7E-A726-452E-B00E-F0B162CE55E8}.Release|x86.Build.0 = Release|Any CPU
		{EAE4D9A6-80FC-4178-A3B3-7D7ED8B2867B}.Debug|Any CPU.ActiveCfg = Debug|Any CPU
		{EAE4D9A6-80FC-4178-A3B3-7D7ED8B2867B}.Debug|Any CPU.Build.0 = Debug|Any CPU
		{EAE4D9A6-80FC-4178-A3B3-7D7ED8B2867B}.Debug|x64.ActiveCfg = Debug|Any CPU
		{EAE4D9A6-80FC-4178-A3B3-7D7ED8B2867B}.Debug|x64.Build.0 = Debug|Any CPU
		{EAE4D9A6-80FC-4178-A3B3-7D7ED8B2867B}.Debug|x86.ActiveCfg = Debug|Any CPU
		{EAE4D9A6-80FC-4178-A3B3-7D7ED8B2867B}.Debug|x86.Build.0 = Debug|Any CPU
		{EAE4D9A6-80FC-4178-A3B3-7D7ED8B2867B}.Release|Any CPU.ActiveCfg = Release|Any CPU
		{EAE4D9A6-80FC-4178-A3B3-7D7ED8B2867B}.Release|Any CPU.Build.0 = Release|Any CPU
		{EAE4D9A6-80FC-4178-A3B3-7D7ED8B2867B}.Release|x64.ActiveCfg = Release|Any CPU
		{EAE4D9A6-80FC-4178-A3B3-7D7ED8B2867B}.Release|x64.Build.0 = Release|Any CPU
		{EAE4D9A6-80FC-4178-A3B3-7D7ED8B2867B}.Release|x86.ActiveCfg = Release|Any CPU
		{EAE4D9A6-80FC-4178-A3B3-7D7ED8B2867B}.Release|x86.Build.0 = Release|Any CPU
		{0F7A76B9-030C-4175-9888-A0A012232EDD}.Debug|Any CPU.ActiveCfg = Debug|Any CPU
		{0F7A76B9-030C-4175-9888-A0A012232EDD}.Debug|Any CPU.Build.0 = Debug|Any CPU
		{0F7A76B9-030C-4175-9888-A0A012232EDD}.Debug|x64.ActiveCfg = Debug|Any CPU
		{0F7A76B9-030C-4175-9888-A0A012232EDD}.Debug|x64.Build.0 = Debug|Any CPU
		{0F7A76B9-030C-4175-9888-A0A012232EDD}.Debug|x86.ActiveCfg = Debug|Any CPU
		{0F7A76B9-030C-4175-9888-A0A012232EDD}.Debug|x86.Build.0 = Debug|Any CPU
		{0F7A76B9-030C-4175-9888-A0A012232EDD}.Release|Any CPU.ActiveCfg = Release|Any CPU
		{0F7A76B9-030C-4175-9888-A0A012232EDD}.Release|Any CPU.Build.0 = Release|Any CPU
		{0F7A76B9-030C-4175-9888-A0A012232EDD}.Release|x64.ActiveCfg = Release|Any CPU
		{0F7A76B9-030C-4175-9888-A0A012232EDD}.Release|x64.Build.0 = Release|Any CPU
		{0F7A76B9-030C-4175-9888-A0A012232EDD}.Release|x86.ActiveCfg = Release|Any CPU
		{0F7A76B9-030C-4175-9888-A0A012232EDD}.Release|x86.Build.0 = Release|Any CPU
		{0DA1CA93-E96B-4556-AF20-5E28A42440EC}.Debug|Any CPU.ActiveCfg = Debug|Any CPU
		{0DA1CA93-E96B-4556-AF20-5E28A42440EC}.Debug|Any CPU.Build.0 = Debug|Any CPU
		{0DA1CA93-E96B-4556-AF20-5E28A42440EC}.Debug|x64.ActiveCfg = Debug|Any CPU
		{0DA1CA93-E96B-4556-AF20-5E28A42440EC}.Debug|x64.Build.0 = Debug|Any CPU
		{0DA1CA93-E96B-4556-AF20-5E28A42440EC}.Debug|x86.ActiveCfg = Debug|Any CPU
		{0DA1CA93-E96B-4556-AF20-5E28A42440EC}.Debug|x86.Build.0 = Debug|Any CPU
		{0DA1CA93-E96B-4556-AF20-5E28A42440EC}.Release|Any CPU.ActiveCfg = Release|Any CPU
		{0DA1CA93-E96B-4556-AF20-5E28A42440EC}.Release|Any CPU.Build.0 = Release|Any CPU
		{0DA1CA93-E96B-4556-AF20-5E28A42440EC}.Release|x64.ActiveCfg = Release|Any CPU
		{0DA1CA93-E96B-4556-AF20-5E28A42440EC}.Release|x64.Build.0 = Release|Any CPU
		{0DA1CA93-E96B-4556-AF20-5E28A42440EC}.Release|x86.ActiveCfg = Release|Any CPU
		{0DA1CA93-E96B-4556-AF20-5E28A42440EC}.Release|x86.Build.0 = Release|Any CPU
		{147A2C9F-450B-4191-A288-3A391D910D12}.Debug|Any CPU.ActiveCfg = Debug|Any CPU
		{147A2C9F-450B-4191-A288-3A391D910D12}.Debug|Any CPU.Build.0 = Debug|Any CPU
		{147A2C9F-450B-4191-A288-3A391D910D12}.Debug|x64.ActiveCfg = Debug|Any CPU
		{147A2C9F-450B-4191-A288-3A391D910D12}.Debug|x64.Build.0 = Debug|Any CPU
		{147A2C9F-450B-4191-A288-3A391D910D12}.Debug|x86.ActiveCfg = Debug|Any CPU
		{147A2C9F-450B-4191-A288-3A391D910D12}.Debug|x86.Build.0 = Debug|Any CPU
		{147A2C9F-450B-4191-A288-3A391D910D12}.Release|Any CPU.ActiveCfg = Release|Any CPU
		{147A2C9F-450B-4191-A288-3A391D910D12}.Release|Any CPU.Build.0 = Release|Any CPU
		{147A2C9F-450B-4191-A288-3A391D910D12}.Release|x64.ActiveCfg = Release|Any CPU
		{147A2C9F-450B-4191-A288-3A391D910D12}.Release|x64.Build.0 = Release|Any CPU
		{147A2C9F-450B-4191-A288-3A391D910D12}.Release|x86.ActiveCfg = Release|Any CPU
		{147A2C9F-450B-4191-A288-3A391D910D12}.Release|x86.Build.0 = Release|Any CPU
		{614F68A1-2942-4944-BCAA-8846D669D1AD}.Debug|Any CPU.ActiveCfg = Debug|Any CPU
		{614F68A1-2942-4944-BCAA-8846D669D1AD}.Debug|Any CPU.Build.0 = Debug|Any CPU
		{614F68A1-2942-4944-BCAA-8846D669D1AD}.Debug|x64.ActiveCfg = Debug|Any CPU
		{614F68A1-2942-4944-BCAA-8846D669D1AD}.Debug|x64.Build.0 = Debug|Any CPU
		{614F68A1-2942-4944-BCAA-8846D669D1AD}.Debug|x86.ActiveCfg = Debug|Any CPU
		{614F68A1-2942-4944-BCAA-8846D669D1AD}.Debug|x86.Build.0 = Debug|Any CPU
		{614F68A1-2942-4944-BCAA-8846D669D1AD}.Release|Any CPU.ActiveCfg = Release|Any CPU
		{614F68A1-2942-4944-BCAA-8846D669D1AD}.Release|Any CPU.Build.0 = Release|Any CPU
		{614F68A1-2942-4944-BCAA-8846D669D1AD}.Release|x64.ActiveCfg = Release|Any CPU
		{614F68A1-2942-4944-BCAA-8846D669D1AD}.Release|x64.Build.0 = Release|Any CPU
		{614F68A1-2942-4944-BCAA-8846D669D1AD}.Release|x86.ActiveCfg = Release|Any CPU
		{614F68A1-2942-4944-BCAA-8846D669D1AD}.Release|x86.Build.0 = Release|Any CPU
		{A54C1D07-06AF-4A82-B9EC-D92DB1C5E467}.Debug|Any CPU.ActiveCfg = Debug|Any CPU
		{A54C1D07-06AF-4A82-B9EC-D92DB1C5E467}.Debug|Any CPU.Build.0 = Debug|Any CPU
		{A54C1D07-06AF-4A82-B9EC-D92DB1C5E467}.Debug|x64.ActiveCfg = Debug|Any CPU
		{A54C1D07-06AF-4A82-B9EC-D92DB1C5E467}.Debug|x64.Build.0 = Debug|Any CPU
		{A54C1D07-06AF-4A82-B9EC-D92DB1C5E467}.Debug|x86.ActiveCfg = Debug|Any CPU
		{A54C1D07-06AF-4A82-B9EC-D92DB1C5E467}.Debug|x86.Build.0 = Debug|Any CPU
		{A54C1D07-06AF-4A82-B9EC-D92DB1C5E467}.Release|Any CPU.ActiveCfg = Release|Any CPU
		{A54C1D07-06AF-4A82-B9EC-D92DB1C5E467}.Release|Any CPU.Build.0 = Release|Any CPU
		{A54C1D07-06AF-4A82-B9EC-D92DB1C5E467}.Release|x64.ActiveCfg = Release|Any CPU
		{A54C1D07-06AF-4A82-B9EC-D92DB1C5E467}.Release|x64.Build.0 = Release|Any CPU
		{A54C1D07-06AF-4A82-B9EC-D92DB1C5E467}.Release|x86.ActiveCfg = Release|Any CPU
		{A54C1D07-06AF-4A82-B9EC-D92DB1C5E467}.Release|x86.Build.0 = Release|Any CPU
		{AF1C3C93-603C-45D7-A101-A125DCA868CD}.Debug|Any CPU.ActiveCfg = Debug|Any CPU
		{AF1C3C93-603C-45D7-A101-A125DCA868CD}.Debug|Any CPU.Build.0 = Debug|Any CPU
		{AF1C3C93-603C-45D7-A101-A125DCA868CD}.Debug|x64.ActiveCfg = Debug|Any CPU
		{AF1C3C93-603C-45D7-A101-A125DCA868CD}.Debug|x64.Build.0 = Debug|Any CPU
		{AF1C3C93-603C-45D7-A101-A125DCA868CD}.Debug|x86.ActiveCfg = Debug|Any CPU
		{AF1C3C93-603C-45D7-A101-A125DCA868CD}.Debug|x86.Build.0 = Debug|Any CPU
		{AF1C3C93-603C-45D7-A101-A125DCA868CD}.Release|Any CPU.ActiveCfg = Release|Any CPU
		{AF1C3C93-603C-45D7-A101-A125DCA868CD}.Release|Any CPU.Build.0 = Release|Any CPU
		{AF1C3C93-603C-45D7-A101-A125DCA868CD}.Release|x64.ActiveCfg = Release|Any CPU
		{AF1C3C93-603C-45D7-A101-A125DCA868CD}.Release|x64.Build.0 = Release|Any CPU
		{AF1C3C93-603C-45D7-A101-A125DCA868CD}.Release|x86.ActiveCfg = Release|Any CPU
		{AF1C3C93-603C-45D7-A101-A125DCA868CD}.Release|x86.Build.0 = Release|Any CPU
		{882F8D58-94A3-4F42-A17E-BF965840D765}.Debug|Any CPU.ActiveCfg = Debug|Any CPU
		{882F8D58-94A3-4F42-A17E-BF965840D765}.Debug|Any CPU.Build.0 = Debug|Any CPU
		{882F8D58-94A3-4F42-A17E-BF965840D765}.Debug|x64.ActiveCfg = Debug|Any CPU
		{882F8D58-94A3-4F42-A17E-BF965840D765}.Debug|x64.Build.0 = Debug|Any CPU
		{882F8D58-94A3-4F42-A17E-BF965840D765}.Debug|x86.ActiveCfg = Debug|Any CPU
		{882F8D58-94A3-4F42-A17E-BF965840D765}.Debug|x86.Build.0 = Debug|Any CPU
		{882F8D58-94A3-4F42-A17E-BF965840D765}.Release|Any CPU.ActiveCfg = Release|Any CPU
		{882F8D58-94A3-4F42-A17E-BF965840D765}.Release|Any CPU.Build.0 = Release|Any CPU
		{882F8D58-94A3-4F42-A17E-BF965840D765}.Release|x64.ActiveCfg = Release|Any CPU
		{882F8D58-94A3-4F42-A17E-BF965840D765}.Release|x64.Build.0 = Release|Any CPU
		{882F8D58-94A3-4F42-A17E-BF965840D765}.Release|x86.ActiveCfg = Release|Any CPU
		{882F8D58-94A3-4F42-A17E-BF965840D765}.Release|x86.Build.0 = Release|Any CPU
		{A4CD3F49-2A1E-0EA5-B758-52F5EBE2CB0F}.Debug|Any CPU.ActiveCfg = Debug|Any CPU
		{A4CD3F49-2A1E-0EA5-B758-52F5EBE2CB0F}.Debug|Any CPU.Build.0 = Debug|Any CPU
		{A4CD3F49-2A1E-0EA5-B758-52F5EBE2CB0F}.Debug|x64.ActiveCfg = Debug|Any CPU
		{A4CD3F49-2A1E-0EA5-B758-52F5EBE2CB0F}.Debug|x64.Build.0 = Debug|Any CPU
		{A4CD3F49-2A1E-0EA5-B758-52F5EBE2CB0F}.Debug|x86.ActiveCfg = Debug|Any CPU
		{A4CD3F49-2A1E-0EA5-B758-52F5EBE2CB0F}.Debug|x86.Build.0 = Debug|Any CPU
		{A4CD3F49-2A1E-0EA5-B758-52F5EBE2CB0F}.Release|Any CPU.ActiveCfg = Release|Any CPU
		{A4CD3F49-2A1E-0EA5-B758-52F5EBE2CB0F}.Release|Any CPU.Build.0 = Release|Any CPU
		{A4CD3F49-2A1E-0EA5-B758-52F5EBE2CB0F}.Release|x64.ActiveCfg = Release|Any CPU
		{A4CD3F49-2A1E-0EA5-B758-52F5EBE2CB0F}.Release|x64.Build.0 = Release|Any CPU
		{A4CD3F49-2A1E-0EA5-B758-52F5EBE2CB0F}.Release|x86.ActiveCfg = Release|Any CPU
		{A4CD3F49-2A1E-0EA5-B758-52F5EBE2CB0F}.Release|x86.Build.0 = Release|Any CPU
		{C8DF9197-8275-4351-B028-5369B6C53C47}.Debug|Any CPU.ActiveCfg = Debug|Any CPU
		{C8DF9197-8275-4351-B028-5369B6C53C47}.Debug|Any CPU.Build.0 = Debug|Any CPU
		{C8DF9197-8275-4351-B028-5369B6C53C47}.Debug|x64.ActiveCfg = Debug|Any CPU
		{C8DF9197-8275-4351-B028-5369B6C53C47}.Debug|x64.Build.0 = Debug|Any CPU
		{C8DF9197-8275-4351-B028-5369B6C53C47}.Debug|x86.ActiveCfg = Debug|Any CPU
		{C8DF9197-8275-4351-B028-5369B6C53C47}.Debug|x86.Build.0 = Debug|Any CPU
		{C8DF9197-8275-4351-B028-5369B6C53C47}.Release|Any CPU.ActiveCfg = Release|Any CPU
		{C8DF9197-8275-4351-B028-5369B6C53C47}.Release|Any CPU.Build.0 = Release|Any CPU
		{C8DF9197-8275-4351-B028-5369B6C53C47}.Release|x64.ActiveCfg = Release|Any CPU
		{C8DF9197-8275-4351-B028-5369B6C53C47}.Release|x64.Build.0 = Release|Any CPU
		{C8DF9197-8275-4351-B028-5369B6C53C47}.Release|x86.ActiveCfg = Release|Any CPU
		{C8DF9197-8275-4351-B028-5369B6C53C47}.Release|x86.Build.0 = Release|Any CPU
	EndGlobalSection
	GlobalSection(SolutionProperties) = preSolution
		HideSolutionNode = FALSE
	EndGlobalSection
	GlobalSection(ExtensibilityGlobals) = postSolution
		SolutionGuid = {5B6190AF-B66C-4827-84E9-DAC3BD53B162}
		SolutionGuid = {40386EF7-48B0-48A1-B5E4-3BC76F50CC66}
	GlobalSection(NestedProjects) = preSolution
		{C8DF9197-8275-4351-B028-5369B6C53C47} = {0AB3BF05-4346-4AA6-1389-037BE0695223}
	EndGlobalSection
EndGlobal
